
Microsoft Visual Studio Solution File, Format Version 12.00
# Visual Studio Version 16
VisualStudioVersion = 16.0.31321.278
MinimumVisualStudioVersion = 10.0.40219.1
Project("{FAE04EC0-301F-11D3-BF4B-00C04F79EFBC}") = "Day_2", "Day_2\Day_2.csproj", "{F56CA662-BEF6-417D-A827-F97ABE8BF078}"
EndProject
Global
	GlobalSection(SolutionConfigurationPlatforms) = preSolution
		Debug|Any CPU = Debug|Any CPU
		Release|Any CPU = Release|Any CPU
	EndGlobalSection
	GlobalSection(ProjectConfigurationPlatforms) = postSolution
		{F56CA662-BEF6-417D-A827-F97ABE8BF078}.Debug|Any CPU.ActiveCfg = Debug|Any CPU
		{F56CA662-BEF6-417D-A827-F97ABE8BF078}.Debug|Any CPU.Build.0 = Debug|Any CPU
		{F56CA662-BEF6-417D-A827-F97ABE8BF078}.Release|Any CPU.ActiveCfg = Release|Any CPU
		{F56CA662-BEF6-417D-A827-F97ABE8BF078}.Release|Any CPU.Build.0 = Release|Any CPU
	EndGlobalSection
	GlobalSection(SolutionProperties) = preSolution
		HideSolutionNode = FALSE
	EndGlobalSection
	GlobalSection(ExtensibilityGlobals) = postSolution
		SolutionGuid = {09A1A1A2-EF21-4ADC-8B7C-A852BE4C53A6}
	EndGlobalSection
EndGlobal
